github.com/Chronokeeper/anyxml v0.0.0-20160530174208-54457d8e98c6 h1:Etfj2lhXyrYemgmWzEtEQQb1kezeEXc8jVjkQUyJnWI=
github.com/Chronokeeper/anyxml v0.0.0-20160530174208-54457d8e98c6/go.mod h1:YzuYAe2hrrwKXkM9kqjbkTLlkbA+/xw2MA46f1+ENxc=
github.com/CloudyKit/fastprinter v0.0.0-20170127035650-74b38d55f37a h1:3SgJcK9l5uPdBC/X17wanyJAMxM33+4ZhEIV96MIH8U=
github.com/CloudyKit/fastprinter v0.0.0-20170127035650-74b38d55f37a/go.mod h1:EFZQ978U7x8IRnstaskI3IysnWY5Ao3QgZUKOXlsAdw=
github.com/CloudyKit/jet v2.1.2+incompatible h1:ybZoYzMBdoijK6I+Ke3vg9GZsmlKo/ZhKdNMWz0P26c=
github.com/CloudyKit/jet v2.1.2+incompatible/go.mod h1:HPYO+50pSWkPoj9Q/eq0aRGByCL6ScRlUmiEX5Zgm+w=
github.com/agrison/go-tablib v0.0.0-20160310143025-4930582c22ee h1:0RklYSvekYaIFI9JUx7TFPQvo++TdILmZiV17QI4nXk=
github.com/agrison/go-tablib v0.0.0-20160310143025-4930582c22ee/go.mod h1:M9nmO4lBRWR/bBv7UCOmDJ1MB2DVoqz19B4JchDA+K0=
github.com/agrison/mxj v0.0.0-20160310142625-1269f8afb3b4 h1:XBNSe5eibe5Fh131ah+xnO6s4A97U1T3tKZKLQQvqu0=
github.com/agrison/mxj v0.0.0-20160310142625-1269f8afb3b4/go.mod h1:n7qJAqL9BKqGqiJyjPbWtxpdswTL5wX0IVP2Uw4vVhQ=
github.com/bndr/gotabulate v1.1.2 h1:yC9izuZEphojb9r+KYL4W9IJKO/ceIO8HDwxMA24U4c=
github.com/bndr/gotabulate v1.1.2/go.mod h1:0+8yUgaPTtLRTjf49E8oju7ojpU11YmXyvq1LbPAb3U=
github.com/davecgh/go-spew v1.1.0 h1:ZDRjVQ15GmhC3fiQ8ni8+OwkZQO4DARzQgrnXU1Liz8=
github.com/davecgh/go-spew v1.1.0/go.mod h1:J7Y8YcW2NihsgmVo/mv3lAwl/skON4iLHjSsI+c5H38=
github.com/dgrijalva/jwt-go v3.2.0+incompatible h1:7qlOGliEKZXTDg6OTjfoBKDXWrumCAMpl/TFQ4/5kLM=
github.com/dgrijalva/jwt-go v3.2.0+incompatible/go.mod h1:E3ru+11k8xSBh+hMPgOLZmtrrCbhqsmaPHjLKYnJCaQ=
github.com/fatih/structs v1.1.0 h1:Q7juDM0QtcnhCpeyLGQKyg4TOIghuNXrkL32pHAUMxo=
github.com/fatih/structs v1.1.0/go.mod h1:9NiDSp5zOcgEDl+j00MP/WkGVPOlPRLejGD8Ga6PJ7M=
github.com/fsnotify/fsnotify v1.4.7 h1:IXs+QLmnXW2CcXuY+8Mzv/fWEsPGWxqefPtCP5CnV9I=
github.com/fsnotify/fsnotify v1.4.7/go.mod h1:jwhsz4b93w/PPRr/qN1Yymfu8t87LnFCMoQvtojpjFo=
github.com/gin-contrib/sse v0.0.0-20190301062529-5545eab6dad3 h1:t8FVkw33L+wilf2QiWkw0UV77qRpcH/JHPKGpKa2E8g=
github.com/gin-contrib/sse v0.0.0-20190301062529-5545eab6dad3/go.mod h1:VJ0WA2NBN22VlZ2dKZQPAPnyWw5XTlK1KymzLKsr59s=
github.com/gin-gonic/gin v1.4.0 h1:3tMoCCfM7ppqsR0ptz/wi1impNpT7/9wQtMZ8lr1mCQ=
github.com/gin-gonic/gin v1.4.0/go.mod h1:OW2EZn3DO8Ln9oIKOvM++LBO+5UPHJJDH72/q/3rZdM=
github.com/go-sql-driver/mysql v1.4.1 h1:g24URVg0OFbNUTx9qqY1IRZ9D9z3iPyi5zKhQZpNwpA=
github.com/go-sql-driver/mysql v1.4.1/go.mod h1:zAC/RDZ24gD3HViQzih4MyKcchzm+sOG5ZlKdlhCg5w=
github.com/go-xorm/cmd v0.0.0-20190426080617-f87981e709a1 h1:2Nc5up6dv9Rbw5t3+icygrTAW9usUAeY1Ih1MbmNDR0=
github.com/go-xorm/cmd v0.0.0-20190426080617-f87981e709a1/go.mod h1:QsnOUqcd//dKCufiEqBxjFc8NsESHSTP3uyfppdZHMU=
github.com/go-xorm/sqlfiddle v0.0.0-20180821085327-62ce714f951a h1:9wScpmSP5A3Bk8V3XHWUcJmYTh+ZnlHVyc+A4oZYS3Y=
github.com/go-xorm/sqlfiddle v0.0.0-20180821085327-62ce714f951a/go.mod h1:56xuuqnHyryaerycW3BfssRdxQstACi0Epw/yC5E2xM=
github.com/go-yaml/yaml v2.1.0+incompatible h1:RYi2hDdss1u4YE7GwixGzWwVo47T8UQwnTLB6vQiq+o=
github.com/go-yaml/yaml v2.1.0+incompatible/go.mod h1:w2MrLa16VYP0jy6N7M5kHaCkaLENm+P+Tv+MfurjSw0=
github.com/golang/protobuf v1.3.1 h1:YF8+flBXS5eO826T4nzqPrxfhQThhXl0YzfuUPu4SBg=
github.com/golang/protobuf v1.3.1/go.mod h1:6lQm79b+lXiMfvg/cZm0SGofjICqVBUtrP5yJMmIC1U=
github.com/json-iterator/go v1.1.6 h1:MrUvLMLTMxbqFJ9kzlvat/rYZqZnW3u4wkLzWTaFwKs=
github.com/json-iterator/go v1.1.6/go.mod h1:+SdeFBvtyEkXs7REEP0seUULqWtbJapLOCVDaaPEHmU=
github.com/mattn/go-isatty v0.0.7 h1:UvyT9uN+3r7yLEYSlJsbQGdsaB/a0DlgWP3pql6iwOc=
github.com/mattn/go-isatty v0.0.7/go.mod h1:Iq45c/XA43vh69/j3iqttzPXn0bhXyGjM0Hdxcsrc5s=
github.com/mattn/go-isatty v0.0.8 h1:HLtExJ+uU2HOZ+wI0Tt5DtUDrx8yhUqDcp7fYERX4CE=
github.com/mattn/go-isatty v0.0.8/go.mod h1:Iq45c/XA43vh69/j3iqttzPXn0bhXyGjM0Hdxcsrc5s=
github.com/modern-go/concurrent v0.0.0-20180306012644-bacd9c7ef1dd h1:TRLaZ9cD/w8PVh93nsPXa1VrQ6jlwL5oN8l14QlcNfg=
github.com/modern-go/concurrent v0.0.0-20180306012644-bacd9c7ef1dd/go.mod h1:6dJC0mAP4ikYIbvyc7fijjWJddQyLn8Ig3JB5CqoB9Q=
github.com/modern-go/reflect2 v1.0.1 h1:9f412s+6RmYXLWZSEzVVgPGK7C2PphHj5RJrvfx9AWI=
github.com/modern-go/reflect2 v1.0.1/go.mod h1:bx2lNnkwVCuqBIxFjflWJWanXIb3RllmbCylyMrvgv0=
github.com/pmezard/go-difflib v1.0.0 h1:4DBwDE0NGyQoBHbLQYPwSUPoCMWR5BEzIk/f1lZbAQM=
github.com/pmezard/go-difflib v1.0.0/go.mod h1:iKH77koFhYxTK1pcRnkKkqfTogsbg7gZNVY4sRDYZ/4=
github.com/stretchr/objx v0.1.0/go.mod h1:HFkY916IF+rwdDfMAkV7OtwuqBVzrE8GR6GFx+wExME=
github.com/stretchr/testify v1.3.0 h1:TivCn/peBQ7UY8ooIcPgZFpTNSz0Q2U6UrFlUfqbe0Q=
github.com/stretchr/testify v1.3.0/go.mod h1:M5WIy9Dh21IEIfnGCwXGc5bZfKNJtfHm1UVUgZn+9EI=
github.com/tealeg/xlsx v1.0.3 h1:BXsDIQYBPq2HgbwUxrsVXIrnO0BDxmsdUfHSfvwfBuQ=
github.com/tealeg/xlsx v1.0.3/go.mod h1:uxu5UY2ovkuRPWKQ8Q7JG0JbSivrISjdPzZQKeo74mA=
github.com/ugorji/go v1.1.4 h1:j4s+tAvLfL3bZyefP2SEWmhBzmuIlH/eqNuPdFPgngw=
github.com/ugorji/go v1.1.4/go.mod h1:uQMGLiO92mf5W77hV/PUCpI3pbzQx3CRekS0kk+RGrc=
github.com/xormplus/builder v0.0.0-20190724032102-0ee351fedce9 h1:h7b9aRnem5U6YuCWZlAnRWyowAR8hIIyyqUkbuAn0ms=
github.com/xormplus/builder v0.0.0-20190724032102-0ee351fedce9/go.mod h1:DR+4rxdyeR2G5yyiNx6j3/0TLjG5g+CICZfXmL2AHBg=
github.com/xormplus/core v0.0.0-20190724072625-00f5a85ad6e0 h1:vqleyrxQwTNEr+jlW3VuOYlTRtoyDp/h6C6b0R9Ewro=
github.com/xormplus/core v0.0.0-20190724072625-00f5a85ad6e0/go.mod h1:V3p6iAR/MaICgU6GJqxGQxspfljTyfOTv4Czz0B5atU=
github.com/xormplus/xorm v0.0.0-20190823062959-8cb11325113d h1:99sfjhiOXkOq1YsjeOWM3GAc+xMSjwhjIZY1LvIY3as=
github.com/xormplus/xorm v0.0.0-20190823062959-8cb11325113d/go.mod h1:+v6b10b4x5IcQmp1/Cbo9IqaknxVeuhQng+fhya6bdI=
github.com/xormplus/xorm v0.0.0-20190827105519-9ce119234ab7 h1:3GZEeywKA7VtoFHJWjMbsHKwDWcI9rMLq5ArxMkOWrA=
github.com/xormplus/xorm v0.0.0-20190827105519-9ce119234ab7/go.mod h1:+v6b10b4x5IcQmp1/Cbo9IqaknxVeuhQng+fhya6bdI=
golang.org/x/crypto v0.0.0-20190308221718-c2843e01d9a2/go.mod h1:djNgcEr1/C05ACkg1iLfiJU5Ep61QUkGW8qpdssI0+w=
golang.org/x/net v0.0.0-20190503192946-f4e77d36d62c h1:uOCk1iQW6Vc18bnC13MfzScl+wdKBmM9Y9kU7Z83/lw=
golang.org/x/net v0.0.0-20190503192946-f4e77d36d62c/go.mod h1:t9HGtf8HONx5eT2rtn7q6eTqICYqUVnKs3thJo3Qplg=
golang.org/x/sys v0.0.0-20190215142949-d0b11bdaac8a/go.mod h1:STP8DvDyc/dI5b8T5hshtkjS+E42TnysNCUPdjciGhY=
golang.org/x/sys v0.0.0-20190222072716-a9d3bda3a223 h1:DH4skfRX4EBpamg7iV4ZlCpblAHI6s6TDM39bFZumv8=
golang.org/x/sys v0.0.0-20190222072716-a9d3bda3a223/go.mod h1:STP8DvDyc/dI5b8T5hshtkjS+E42TnysNCUPdjciGhY=
golang.org/x/text v0.3.0/go.mod h1:NqM8EUOU14njkJ3fqMW+pc6Ldnwhi/IjpwHt7yyuwOQ=
gopkg.in/check.v1 v0.0.0-20161208181325-20d25e280405 h1:yhCVgyC4o1eVCa2tZl7eS0r+SDo693bJlVdllGtEeKM=
gopkg.in/check.v1 v0.0.0-20161208181325-20d25e280405/go.mod h1:Co6ibVJAznAaIkqp8huTwlJQCZ016jof/cbN4VW5Yz0=
gopkg.in/flosch/pongo2.v3 v3.0.0-20141028000813-5e81b817a0c4 h1:eyQQg/uGuZ3ndaBhqteakHpVW+dSOPalilfC9RpM2TA=
gopkg.in/flosch/pongo2.v3 v3.0.0-20141028000813-5e81b817a0c4/go.mod h1:bJkYqV5pg6+Z7MsSu/hSb1zsPT955hBW2QHLE1jm4wA=
gopkg.in/go-playground/assert.v1 v1.2.1 h1:xoYuJVE7KT85PYWrN730RguIQO0ePzVRfFMXadIrXTM=
gopkg.in/go-playground/assert.v1 v1.2.1/go.mod h1:9RXL0bg/zibRAgZUYszZSwO/z8Y/a8bDuhia5mkpMnE=
gopkg.in/go-playground/validator.v8 v8.18.2 h1:lFB4DoMU6B626w8ny76MV7VX6W2VHct2GVOI3xgiMrQ=
gopkg.in/go-playground/validator.v8 v8.18.2/go.mod h1:RX2a/7Ha8BgOhfk7j780h4/u/RRjR0eouCJSH80/M2Y=
gopkg.in/yaml.v2 v2.2.2 h1:ZCJp+EgiOT7lHqUV2J862kp8Qj64Jo6az82+3Td9dZw=
gopkg.in/yaml.v2 v2.2.2/go.mod h1:hI93XBmqTisBFMUTm0b8Fm+jr3Dg1NNxqwp+5A1VGuI=
